
Microsoft Visual Studio Solution File, Format Version 12.00
# Visual Studio 15
VisualStudioVersion = 15.0.28307.779
MinimumVisualStudioVersion = 10.0.40219.1
Project("{FAE04EC0-301F-11D3-BF4B-00C04F79EFBC}") = "FileCabinet.ConsoleUI", "FileCabinet.ConsoleUI\FileCabinet.ConsoleUI.csproj", "{54B099E8-7EA1-4A83-9213-21C894474312}"
EndProject
Project("{FAE04EC0-301F-11D3-BF4B-00C04F79EFBC}") = "FileCabinet.Library", "FileCabinet.Library\FileCabinet.Library.csproj", "{22EC990F-D140-4397-B089-308B5FE8C1E1}"
EndProject
Global
	GlobalSection(SolutionConfigurationPlatforms) = preSolution
		Debug|Any CPU = Debug|Any CPU
		Release|Any CPU = Release|Any CPU
	EndGlobalSection
	GlobalSection(ProjectConfigurationPlatforms) = postSolution
		{54B099E8-7EA1-4A83-9213-21C894474312}.Debug|Any CPU.ActiveCfg = Debug|Any CPU
		{54B099E8-7EA1-4A83-9213-21C894474312}.Debug|Any CPU.Build.0 = Debug|Any CPU
		{54B099E8-7EA1-4A83-9213-21C894474312}.Release|Any CPU.ActiveCfg = Release|Any CPU
		{54B099E8-7EA1-4A83-9213-21C894474312}.Release|Any CPU.Build.0 = Release|Any CPU
		{22EC990F-D140-4397-B089-308B5FE8C1E1}.Debug|Any CPU.ActiveCfg = Debug|Any CPU
		{22EC990F-D140-4397-B089-308B5FE8C1E1}.Debug|Any CPU.Build.0 = Debug|Any CPU
		{22EC990F-D140-4397-B089-308B5FE8C1E1}.Release|Any CPU.ActiveCfg = Release|Any CPU
		{22EC990F-D140-4397-B089-308B5FE8C1E1}.Release|Any CPU.Build.0 = Release|Any CPU
	EndGlobalSection
	GlobalSection(SolutionProperties) = preSolution
		HideSolutionNode = FALSE
	EndGlobalSection
	GlobalSection(ExtensibilityGlobals) = postSolution
		SolutionGuid = {5D11BCF2-525B-454C-9827-975E017855EA}
	EndGlobalSection
EndGlobal
