
Microsoft Visual Studio Solution File, Format Version 12.00
# Visual Studio 15
VisualStudioVersion = 15.0.28307.757
MinimumVisualStudioVersion = 10.0.40219.1
Project("{FAE04EC0-301F-11D3-BF4B-00C04F79EFBC}") = "Day2.Library", "Day2.Library\Day2.Library.csproj", "{0CBF8D9D-730E-43F4-A29F-4178E9BDF3B3}"
EndProject
Project("{9A19103F-16F7-4668-BE54-9A1E7A4F7556}") = "Day2.Tests", "Day2.Tests\Day2.Tests.csproj", "{95E3F43D-E3A9-418E-A06F-A2BD015BF9C1}"
EndProject
Global
	GlobalSection(SolutionConfigurationPlatforms) = preSolution
		Debug|Any CPU = Debug|Any CPU
		Release|Any CPU = Release|Any CPU
	EndGlobalSection
	GlobalSection(ProjectConfigurationPlatforms) = postSolution
		{0CBF8D9D-730E-43F4-A29F-4178E9BDF3B3}.Debug|Any CPU.ActiveCfg = Debug|Any CPU
		{0CBF8D9D-730E-43F4-A29F-4178E9BDF3B3}.Debug|Any CPU.Build.0 = Debug|Any CPU
		{0CBF8D9D-730E-43F4-A29F-4178E9BDF3B3}.Release|Any CPU.ActiveCfg = Release|Any CPU
		{0CBF8D9D-730E-43F4-A29F-4178E9BDF3B3}.Release|Any CPU.Build.0 = Release|Any CPU
		{95E3F43D-E3A9-418E-A06F-A2BD015BF9C1}.Debug|Any CPU.ActiveCfg = Debug|Any CPU
		{95E3F43D-E3A9-418E-A06F-A2BD015BF9C1}.Debug|Any CPU.Build.0 = Debug|Any CPU
		{95E3F43D-E3A9-418E-A06F-A2BD015BF9C1}.Release|Any CPU.ActiveCfg = Release|Any CPU
		{95E3F43D-E3A9-418E-A06F-A2BD015BF9C1}.Release|Any CPU.Build.0 = Release|Any CPU
	EndGlobalSection
	GlobalSection(SolutionProperties) = preSolution
		HideSolutionNode = FALSE
	EndGlobalSection
	GlobalSection(ExtensibilityGlobals) = postSolution
		SolutionGuid = {CF29DB24-BC40-4183-80ED-8336CB8EAE23}
	EndGlobalSection
EndGlobal
