
Microsoft Visual Studio Solution File, Format Version 12.00
# Visual Studio 15
VisualStudioVersion = 15.0.28307.757
MinimumVisualStudioVersion = 10.0.40219.1
Project("{FAE04EC0-301F-11D3-BF4B-00C04F79EFBC}") = "ArraySorting", "ArraySorting\ArraySorting.csproj", "{F47322D0-B6A5-4CE6-B32F-42D19F73CC14}"
EndProject
Project("{9A19103F-16F7-4668-BE54-9A1E7A4F7556}") = "ArraySorting.Tests", "ArraySorting.Tests\ArraySorting.Tests.csproj", "{3BDA48BC-AAEA-4AC2-A76A-43EE066B37E1}"
EndProject
Project("{FAE04EC0-301F-11D3-BF4B-00C04F79EFBC}") = "ArraySorting.ConsoleApp", "ArraySorting.ConsoleApp\ArraySorting.ConsoleApp.csproj", "{63953192-1F7A-4CD6-8871-643D187EF1CB}"
EndProject
Global
	GlobalSection(SolutionConfigurationPlatforms) = preSolution
		Debug|Any CPU = Debug|Any CPU
		Release|Any CPU = Release|Any CPU
	EndGlobalSection
	GlobalSection(ProjectConfigurationPlatforms) = postSolution
		{F47322D0-B6A5-4CE6-B32F-42D19F73CC14}.Debug|Any CPU.ActiveCfg = Debug|Any CPU
		{F47322D0-B6A5-4CE6-B32F-42D19F73CC14}.Debug|Any CPU.Build.0 = Debug|Any CPU
		{F47322D0-B6A5-4CE6-B32F-42D19F73CC14}.Release|Any CPU.ActiveCfg = Release|Any CPU
		{F47322D0-B6A5-4CE6-B32F-42D19F73CC14}.Release|Any CPU.Build.0 = Release|Any CPU
		{3BDA48BC-AAEA-4AC2-A76A-43EE066B37E1}.Debug|Any CPU.ActiveCfg = Debug|Any CPU
		{3BDA48BC-AAEA-4AC2-A76A-43EE066B37E1}.Debug|Any CPU.Build.0 = Debug|Any CPU
		{3BDA48BC-AAEA-4AC2-A76A-43EE066B37E1}.Release|Any CPU.ActiveCfg = Release|Any CPU
		{3BDA48BC-AAEA-4AC2-A76A-43EE066B37E1}.Release|Any CPU.Build.0 = Release|Any CPU
		{63953192-1F7A-4CD6-8871-643D187EF1CB}.Debug|Any CPU.ActiveCfg = Debug|Any CPU
		{63953192-1F7A-4CD6-8871-643D187EF1CB}.Debug|Any CPU.Build.0 = Debug|Any CPU
		{63953192-1F7A-4CD6-8871-643D187EF1CB}.Release|Any CPU.ActiveCfg = Release|Any CPU
		{63953192-1F7A-4CD6-8871-643D187EF1CB}.Release|Any CPU.Build.0 = Release|Any CPU
	EndGlobalSection
	GlobalSection(SolutionProperties) = preSolution
		HideSolutionNode = FALSE
	EndGlobalSection
	GlobalSection(ExtensibilityGlobals) = postSolution
		SolutionGuid = {E4826538-DC0D-4DD8-983D-1861ADA5BE75}
	EndGlobalSection
EndGlobal
