
Microsoft Visual Studio Solution File, Format Version 12.00
# Visual Studio 15
VisualStudioVersion = 15.0.28307.779
MinimumVisualStudioVersion = 10.0.40219.1
Project("{FAE04EC0-301F-11D3-BF4B-00C04F79EFBC}") = "BookListService.ConsoleUI", "BookListService.ConsoleUI\BookListService.ConsoleUI.csproj", "{8F4A7583-05CE-4378-979F-9BE795ACC3C0}"
EndProject
Project("{FAE04EC0-301F-11D3-BF4B-00C04F79EFBC}") = "BookListService.Library", "BookListService.Library\BookListService.Library.csproj", "{8CEEE75B-821F-470A-9605-36334B50B592}"
EndProject
Project("{FAE04EC0-301F-11D3-BF4B-00C04F79EFBC}") = "BankAccounts.Library", "BankAccounts.Library\BankAccounts.Library.csproj", "{56DDF9BB-20A8-4134-8968-B34A6E5BF5AE}"
EndProject
Project("{FAE04EC0-301F-11D3-BF4B-00C04F79EFBC}") = "BankAccounts.ConsoleUI", "BankAccounts.ConsoleUI\BankAccounts.ConsoleUI.csproj", "{A1E6AF58-8FD3-4335-8D67-E46AF0E44DEB}"
EndProject
Global
	GlobalSection(SolutionConfigurationPlatforms) = preSolution
		Debug|Any CPU = Debug|Any CPU
		Release|Any CPU = Release|Any CPU
	EndGlobalSection
	GlobalSection(ProjectConfigurationPlatforms) = postSolution
		{8F4A7583-05CE-4378-979F-9BE795ACC3C0}.Debug|Any CPU.ActiveCfg = Debug|Any CPU
		{8F4A7583-05CE-4378-979F-9BE795ACC3C0}.Debug|Any CPU.Build.0 = Debug|Any CPU
		{8F4A7583-05CE-4378-979F-9BE795ACC3C0}.Release|Any CPU.ActiveCfg = Release|Any CPU
		{8F4A7583-05CE-4378-979F-9BE795ACC3C0}.Release|Any CPU.Build.0 = Release|Any CPU
		{8CEEE75B-821F-470A-9605-36334B50B592}.Debug|Any CPU.ActiveCfg = Debug|Any CPU
		{8CEEE75B-821F-470A-9605-36334B50B592}.Debug|Any CPU.Build.0 = Debug|Any CPU
		{8CEEE75B-821F-470A-9605-36334B50B592}.Release|Any CPU.ActiveCfg = Release|Any CPU
		{8CEEE75B-821F-470A-9605-36334B50B592}.Release|Any CPU.Build.0 = Release|Any CPU
		{56DDF9BB-20A8-4134-8968-B34A6E5BF5AE}.Debug|Any CPU.ActiveCfg = Debug|Any CPU
		{56DDF9BB-20A8-4134-8968-B34A6E5BF5AE}.Debug|Any CPU.Build.0 = Debug|Any CPU
		{56DDF9BB-20A8-4134-8968-B34A6E5BF5AE}.Release|Any CPU.ActiveCfg = Release|Any CPU
		{56DDF9BB-20A8-4134-8968-B34A6E5BF5AE}.Release|Any CPU.Build.0 = Release|Any CPU
		{A1E6AF58-8FD3-4335-8D67-E46AF0E44DEB}.Debug|Any CPU.ActiveCfg = Debug|Any CPU
		{A1E6AF58-8FD3-4335-8D67-E46AF0E44DEB}.Debug|Any CPU.Build.0 = Debug|Any CPU
		{A1E6AF58-8FD3-4335-8D67-E46AF0E44DEB}.Release|Any CPU.ActiveCfg = Release|Any CPU
		{A1E6AF58-8FD3-4335-8D67-E46AF0E44DEB}.Release|Any CPU.Build.0 = Release|Any CPU
	EndGlobalSection
	GlobalSection(SolutionProperties) = preSolution
		HideSolutionNode = FALSE
	EndGlobalSection
	GlobalSection(ExtensibilityGlobals) = postSolution
		SolutionGuid = {35E58037-9AD0-4EA5-89F2-930BA6C72023}
	EndGlobalSection
EndGlobal
