
Microsoft Visual Studio Solution File, Format Version 12.00
# Visual Studio Version 16
VisualStudioVersion = 16.0.29324.140
MinimumVisualStudioVersion = 10.0.40219.1
Project("{FAE04EC0-301F-11D3-BF4B-00C04F79EFBC}") = "SimpleHandlerAndModule", "SimpleHandlerAndModule.csproj", "{0BA2385D-CC8E-490C-90CD-A62EAD43FD4F}"
EndProject
Global
	GlobalSection(SolutionConfigurationPlatforms) = preSolution
		Debug|Any CPU = Debug|Any CPU
		Release|Any CPU = Release|Any CPU
	EndGlobalSection
	GlobalSection(ProjectConfigurationPlatforms) = postSolution
		{0BA2385D-CC8E-490C-90CD-A62EAD43FD4F}.Debug|Any CPU.ActiveCfg = Debug|Any CPU
		{0BA2385D-CC8E-490C-90CD-A62EAD43FD4F}.Debug|Any CPU.Build.0 = Debug|Any CPU
		{0BA2385D-CC8E-490C-90CD-A62EAD43FD4F}.Release|Any CPU.ActiveCfg = Release|Any CPU
		{0BA2385D-CC8E-490C-90CD-A62EAD43FD4F}.Release|Any CPU.Build.0 = Release|Any CPU
	EndGlobalSection
	GlobalSection(SolutionProperties) = preSolution
		HideSolutionNode = FALSE
	EndGlobalSection
	GlobalSection(ExtensibilityGlobals) = postSolution
		SolutionGuid = {77AAECDE-80C7-482A-9BAC-D0D0DEB38798}
	EndGlobalSection
EndGlobal
