
Microsoft Visual Studio Solution File, Format Version 12.00
# Visual Studio 15
VisualStudioVersion = 15.0.28307.852
MinimumVisualStudioVersion = 10.0.40219.1
Project("{FAE04EC0-301F-11D3-BF4B-00C04F79EFBC}") = "NorthwindODataServiceNetFrameworkClient", "NorthwindODataServiceNetFrameworkClient\NorthwindODataServiceNetFrameworkClient.csproj", "{EFE6612C-49D0-48A9-8721-782C08EE311E}"
EndProject
Global
	GlobalSection(SolutionConfigurationPlatforms) = preSolution
		Debug|Any CPU = Debug|Any CPU
		Release|Any CPU = Release|Any CPU
	EndGlobalSection
	GlobalSection(ProjectConfigurationPlatforms) = postSolution
		{EFE6612C-49D0-48A9-8721-782C08EE311E}.Debug|Any CPU.ActiveCfg = Debug|Any CPU
		{EFE6612C-49D0-48A9-8721-782C08EE311E}.Debug|Any CPU.Build.0 = Debug|Any CPU
		{EFE6612C-49D0-48A9-8721-782C08EE311E}.Release|Any CPU.ActiveCfg = Release|Any CPU
		{EFE6612C-49D0-48A9-8721-782C08EE311E}.Release|Any CPU.Build.0 = Release|Any CPU
	EndGlobalSection
	GlobalSection(SolutionProperties) = preSolution
		HideSolutionNode = FALSE
	EndGlobalSection
	GlobalSection(ExtensibilityGlobals) = postSolution
		SolutionGuid = {7CB7FC1A-689D-4F93-BE28-7B048C3B939C}
	EndGlobalSection
EndGlobal
